
Microsoft Visual Studio Solution File, Format Version 12.00
# Visual Studio 15
VisualStudioVersion = 15.0.28307.489
MinimumVisualStudioVersion = 10.0.40219.1
Project("{FAE04EC0-301F-11D3-BF4B-00C04F79EFBC}") = "ConsoleApp1", "ConsoleApp1\ConsoleApp1.csproj", "{66CB4C17-507C-4A95-895B-81F77C84CD46}"
EndProject
Project("{FAE04EC0-301F-11D3-BF4B-00C04F79EFBC}") = "Inversion a et b", "..\Inversion a et b\Inversion a et b\Inversion a et b.csproj", "{4D6E7E7A-86E1-4C31-8133-B3AA147AC622}"
EndProject
Global
	GlobalSection(SolutionConfigurationPlatforms) = preSolution
		Debug|Any CPU = Debug|Any CPU
		Release|Any CPU = Release|Any CPU
	EndGlobalSection
	GlobalSection(ProjectConfigurationPlatforms) = postSolution
		{66CB4C17-507C-4A95-895B-81F77C84CD46}.Debug|Any CPU.ActiveCfg = Debug|Any CPU
		{66CB4C17-507C-4A95-895B-81F77C84CD46}.Debug|Any CPU.Build.0 = Debug|Any CPU
		{66CB4C17-507C-4A95-895B-81F77C84CD46}.Release|Any CPU.ActiveCfg = Release|Any CPU
		{66CB4C17-507C-4A95-895B-81F77C84CD46}.Release|Any CPU.Build.0 = Release|Any CPU
		{4D6E7E7A-86E1-4C31-8133-B3AA147AC622}.Debug|Any CPU.ActiveCfg = Debug|Any CPU
		{4D6E7E7A-86E1-4C31-8133-B3AA147AC622}.Debug|Any CPU.Build.0 = Debug|Any CPU
		{4D6E7E7A-86E1-4C31-8133-B3AA147AC622}.Release|Any CPU.ActiveCfg = Release|Any CPU
		{4D6E7E7A-86E1-4C31-8133-B3AA147AC622}.Release|Any CPU.Build.0 = Release|Any CPU
	EndGlobalSection
	GlobalSection(SolutionProperties) = preSolution
		HideSolutionNode = FALSE
	EndGlobalSection
	GlobalSection(ExtensibilityGlobals) = postSolution
		SolutionGuid = {DF698ECD-AB6A-4C62-9DAC-CABC601E4B8F}
	EndGlobalSection
EndGlobal
